
Microsoft Visual Studio Solution File, Format Version 12.00
# Visual Studio Version 18
VisualStudioVersion = 18.9.12120.119 stable
MinimumVisualStudioVersion = 10.0.40219.1
Project("{8BC9CEB8-8B4A-11D0-8D11-00A0C91BC942}") = "Wrecked", "Wrecked\Wrecked.vcxproj", "{92DFE406-4DF2-47C9-9D84-6672731AD84C}"
EndProject
Global
	GlobalSection(SolutionConfigurationPlatforms) = preSolution
		Debug|x64 = Debug|x64
		Debug|x86 = Debug|x86
		Release|x64 = Release|x64
		Release|x86 = Release|x86
	EndGlobalSection
	GlobalSection(ProjectConfigurationPlatforms) = postSolution
		{92DFE406-4DF2-47C9-9D84-6672731AD84C}.Debug|x64.ActiveCfg = Debug|x64
		{92DFE406-4DF2-47C9-9D84-6672731AD84C}.Debug|x64.Build.0 = Debug|x64
		{92DFE406-4DF2-47C9-9D84-6672731AD84C}.Debug|x86.ActiveCfg = Debug|Win32
		{92DFE406-4DF2-47C9-9D84-6672731AD84C}.Debug|x86.Build.0 = Debug|Win32
		{92DFE406-4DF2-47C9-9D84-6672731AD84C}.Release|x64.ActiveCfg = Release|x64
		{92DFE406-4DF2-47C9-9D84-6672731AD84C}.Release|x64.Build.0 = Release|x64
		{92DFE406-4DF2-47C9-9D84-6672731AD84C}.Release|x86.ActiveCfg = Release|Win32
		{92DFE406-4DF2-47C9-9D84-6672731AD84C}.Release|x86.Build.0 = Release|Win32
	EndGlobalSection
	GlobalSection(SolutionProperties) = preSolution
		HideSolutionNode = FALSE
	EndGlobalSection
	GlobalSection(ExtensibilityGlobals) = postSolution
		SolutionGuid = {489C7B91-105D-4C3F-9365-61CD25E14ED1}
	EndGlobalSection
EndGlobal
